
Microsoft Visual Studio Solution File, Format Version 12.00
# Visual Studio Version 17
VisualStudioVersion = 17.11.35219.272
MinimumVisualStudioVersion = 10.0.40219.1
Project("{FAE04EC0-301F-11D3-BF4B-00C04F79EFBC}") = "Opg1-2TrophyManager", "Opg1-2TrophyManager\Opg1-2TrophyManager.csproj", "{9ACEEAB8-F5B1-4DC4-A127-3DFC3CCD62CE}"
EndProject
Project("{FAE04EC0-301F-11D3-BF4B-00C04F79EFBC}") = "Opg1-2TrophyManagerTest", "Opg1-2TrophyManagerTest\Opg1-2TrophyManagerTest.csproj", "{0C46B859-B63B-480D-B899-04B2CA0ADECD}"
	ProjectSection(ProjectDependencies) = postProject
		{9ACEEAB8-F5B1-4DC4-A127-3DFC3CCD62CE} = {9ACEEAB8-F5B1-4DC4-A127-3DFC3CCD62CE}
	EndProjectSection
EndProject
Global
	GlobalSection(SolutionConfigurationPlatforms) = preSolution
		Debug|Any CPU = Debug|Any CPU
		Release|Any CPU = Release|Any CPU
	EndGlobalSection
	GlobalSection(ProjectConfigurationPlatforms) = postSolution
		{9ACEEAB8-F5B1-4DC4-A127-3DFC3CCD62CE}.Debug|Any CPU.ActiveCfg = Debug|Any CPU
		{9ACEEAB8-F5B1-4DC4-A127-3DFC3CCD62CE}.Debug|Any CPU.Build.0 = Debug|Any CPU
		{9ACEEAB8-F5B1-4DC4-A127-3DFC3CCD62CE}.Release|Any CPU.ActiveCfg = Release|Any CPU
		{9ACEEAB8-F5B1-4DC4-A127-3DFC3CCD62CE}.Release|Any CPU.Build.0 = Release|Any CPU
		{0C46B859-B63B-480D-B899-04B2CA0ADECD}.Debug|Any CPU.ActiveCfg = Debug|Any CPU
		{0C46B859-B63B-480D-B899-04B2CA0ADECD}.Debug|Any CPU.Build.0 = Debug|Any CPU
		{0C46B859-B63B-480D-B899-04B2CA0ADECD}.Release|Any CPU.ActiveCfg = Release|Any CPU
		{0C46B859-B63B-480D-B899-04B2CA0ADECD}.Release|Any CPU.Build.0 = Release|Any CPU
	EndGlobalSection
	GlobalSection(SolutionProperties) = preSolution
		HideSolutionNode = FALSE
	EndGlobalSection
	GlobalSection(ExtensibilityGlobals) = postSolution
		SolutionGuid = {A967AAEF-72AC-4B43-A4C4-28CFCD135E34}
	EndGlobalSection
EndGlobal
